Microsoft Visual Studio Solution File, Format Version 11.00
# Visual Studio 2008

Project("{9EB32B5B-C742-E806-DF17-7256A2264360}") = "EMSFireTrainer", "Assembly-CSharp-firstpass-vs.csproj", "{90F80303-3A9B-309A-60F3-E9D846B2AD37}"
EndProject
Project("{9EB32B5B-C742-E806-DF17-7256A2264360}") = "EMSFireTrainer", "Assembly-CSharp-vs.csproj", "{556B66E7-EEC7-6497-35C6-6CF3F61C71ED}"
EndProject
Global
	GlobalSection(SolutionConfigurationPlatforms) = preSolution
		Debug|Any CPU = Debug|Any CPU
		Release|Any CPU = Release|Any CPU
	EndGlobalSection
	GlobalSection(ProjectConfigurationPlatforms) = postSolution
		{90F80303-3A9B-309A-60F3-E9D846B2AD37}.Debug|Any CPU.ActiveCfg = Debug|Any CPU
		{90F80303-3A9B-309A-60F3-E9D846B2AD37}.Debug|Any CPU.Build.0 = Debug|Any CPU
		{90F80303-3A9B-309A-60F3-E9D846B2AD37}.Release|Any CPU.ActiveCfg = Release|Any CPU
		{90F80303-3A9B-309A-60F3-E9D846B2AD37}.Release|Any CPU.Build.0 = Release|Any CPU
		{556B66E7-EEC7-6497-35C6-6CF3F61C71ED}.Debug|Any CPU.ActiveCfg = Debug|Any CPU
		{556B66E7-EEC7-6497-35C6-6CF3F61C71ED}.Debug|Any CPU.Build.0 = Debug|Any CPU
		{556B66E7-EEC7-6497-35C6-6CF3F61C71ED}.Release|Any CPU.ActiveCfg = Release|Any CPU
		{556B66E7-EEC7-6497-35C6-6CF3F61C71ED}.Release|Any CPU.Build.0 = Release|Any CPU
	EndGlobalSection
	GlobalSection(SolutionProperties) = preSolution
		HideSolutionNode = FALSE
	EndGlobalSection
																	GlobalSection(MonoDevelopProperties) = preSolution
																GlobalSection(MonoDevelopProperties) = preSolution
												GlobalSection(MonoDevelopProperties) = preSolution
													GlobalSection(MonoDevelopProperties) = preSolution
														GlobalSection(MonoDevelopProperties) = preSolution
		StartupItem = Assembly-CSharp.csproj
		Policies = $0
		$0.TextStylePolicy = $1
		$1.inheritsSet = null
		$1.scope = text/x-csharp
		$0.CSharpFormattingPolicy = $2
		$2.inheritsSet = Mono
		$2.inheritsScope = text/x-csharp
		$2.scope = text/x-csharp
		$0.TextStylePolicy = $3
		$3.FileWidth = 120
		$3.TabWidth = 4
		$3.EolMarker = Unix
		$3.inheritsSet = Mono
		$3.inheritsScope = text/plain
		$3.scope = text/plain
	EndGlobalSection

EndGlobal
